// !$*UTF8*$!
{
	archiveVersion = 1;
	classes = {
	};
	objectVersion = 48;
	objects = {

/* Begin PBXBuildFile section */
		3756392F1F89208900912E90 /* TopMovieDetailViewController.swift in Sources */ = {isa = PBXBuildFile; fileRef = 3756392E1F89208900912E90 /* TopMovieDetailViewController.swift */; };
		37B77D6A1F890AAB0054B17E /* AppDelegate.swift in Sources */ = {isa = PBXBuildFile; fileRef = 37B77D691F890AAB0054B17E /* AppDelegate.swift */; };
		37B77D6C1F890AAB0054B17E /* TopMovieTableViewController.swift in Sources */ = {isa = PBXBuildFile; fileRef = 37B77D6B1F890AAB0054B17E /* TopMovieTableViewController.swift */; };
		37B77D6F1F890AAB0054B17E /* Main.storyboard in Resources */ = {isa = PBXBuildFile; fileRef = 37B77D6D1F890AAB0054B17E /* Main.storyboard */; };
		37B77D711F890AAB0054B17E /* Assets.xcassets in Resources */ = {isa = PBXBuildFile; fileRef = 37B77D701F890AAB0054B17E /* Assets.xcassets */; };
		37B77D741F890AAB0054B17E /* LaunchScreen.storyboard in Resources */ = {isa = PBXBuildFile; fileRef = 37B77D721F890AAB0054B17E /* LaunchScreen.storyboard */; };
		8F5799FF634A81DF885E29BE /* Pods_TopMoviesTests.framework in Frameworks */ = {isa = PBXBuildFile; fileRef = 98F7F2C18A5BFDEA72591107 /* Pods_TopMoviesTests.framework */; };
		9841239DC86FFC9B8C522858 /* Pods_TopMoviesUITests.framework in Frameworks */ = {isa = PBXBuildFile; fileRef = F003C48591DF422707375CF2 /* Pods_TopMoviesUITests.framework */; };
		C921D7A86CF713BDBEDC19A9 /* Pods_TopMovies.framework in Frameworks */ = {isa = PBXBuildFile; fileRef = 8C1836D16AD8566E010BBBCC /* Pods_TopMovies.framework */; };
/* End PBXBuildFile section */

/* Begin PBXContainerItemProxy section */
		37B77D7B1F890AAB0054B17E /* PBXContainerItemProxy */ = {
			isa = PBXContainerItemProxy;
			containerPortal = 37B77D5E1F890AAB0054B17E /* Project object */;
			proxyType = 1;
			remoteGlobalIDString = 37B77D651F890AAB0054B17E;
			remoteInfo = TopMovies;
		};
		37B77D861F890AAB0054B17E /* PBXContainerItemProxy */ = {
			isa = PBXContainerItemProxy;
			containerPortal = 37B77D5E1F890AAB0054B17E /* Project object */;
			proxyType = 1;
			remoteGlobalIDString = 37B77D651F890AAB0054B17E;
			remoteInfo = TopMovies;
		};
/* End PBXContainerItemProxy section */

/* Begin PBXFileReference section */
		3756392E1F89208900912E90 /* TopMovieDetailViewController.swift */ = {isa = PBXFileReference; lastKnownFileType = sourcecode.swift; path = TopMovieDetailViewController.swift; sourceTree = "<group>"; };
		37B77D661F890AAB0054B17E /* TopMovies.app */ = {isa = PBXFileReference; explicitFileType = wrapper.application; includeInIndex = 0; path = TopMovies.app; sourceTree = BUILT_PRODUCTS_DIR; };
		37B77D691F890AAB0054B17E /* AppDelegate.swift */ = {isa = PBXFileReference; lastKnownFileType = sourcecode.swift; path = AppDelegate.swift; sourceTree = "<group>"; };
		37B77D6B1F890AAB0054B17E /* TopMovieTableViewController.swift */ = {isa = PBXFileReference; lastKnownFileType = sourcecode.swift; path = TopMovieTableViewController.swift; sourceTree = "<group>"; };
		37B77D6E1F890AAB0054B17E /* Base */ = {isa = PBXFileReference; lastKnownFileType = file.storyboard; name = Base; path = Base.lproj/Main.storyboard; sourceTree = "<group>"; };
		37B77D701F890AAB0054B17E /* Assets.xcassets */ = {isa = PBXFileReference; lastKnownFileType = folder.assetcatalog; path = Assets.xcassets; sourceTree = "<group>"; };
		37B77D731F890AAB0054B17E /* Base */ = {isa = PBXFileReference; lastKnownFileType = file.storyboard; name = Base; path = Base.lproj/LaunchScreen.storyboard; sourceTree = "<group>"; };
		37B77D751F890AAB0054B17E /* Info.plist */ = {isa = PBXFileReference; lastKnownFileType = text.plist.xml; path = Info.plist; sourceTree = "<group>"; };
		37B77D7A1F890AAB0054B17E /* TopMoviesTests.xctest */ = {isa = PBXFileReference; explicitFileType = wrapper.cfbundle; includeInIndex = 0; path = TopMoviesTests.xctest; sourceTree = BUILT_PRODUCTS_DIR; };
		37B77D851F890AAB0054B17E /* TopMoviesUITests.xctest */ = {isa = PBXFileReference; explicitFileType = wrapper.cfbundle; includeInIndex = 0; path = TopMoviesUITests.xctest; sourceTree = BUILT_PRODUCTS_DIR; };
		44985460050A80ECAF559B14 /* Pods-TopMoviesTests.release.xcconfig */ = {isa = PBXFileReference; includeInIndex = 1; lastKnownFileType = text.xcconfig; name = "Pods-TopMoviesTests.release.xcconfig"; path = "Pods/Target Support Files/Pods-TopMoviesTests/Pods-TopMoviesTests.release.xcconfig"; sourceTree = "<group>"; };
		6F31BBF96F088DEACDB1D495 /* Pods-TopMoviesUITests.debug.xcconfig */ = {isa = PBXFileReference; includeInIndex = 1; lastKnownFileType = text.xcconfig; name = "Pods-TopMoviesUITests.debug.xcconfig"; path = "Pods/Target Support Files/Pods-TopMoviesUITests/Pods-TopMoviesUITests.debug.xcconfig"; sourceTree = "<group>"; };
		8C1836D16AD8566E010BBBCC /* Pods_TopMovies.framework */ = {isa = PBXFileReference; explicitFileType = wrapper.framework; includeInIndex = 0; path = Pods_TopMovies.framework; sourceTree = BUILT_PRODUCTS_DIR; };
		92BBC4AA83902031A49F346E /* Pods-TopMoviesUITests.release.xcconfig */ = {isa = PBXFileReference; includeInIndex = 1; lastKnownFileType = text.xcconfig; name = "Pods-TopMoviesUITests.release.xcconfig"; path = "Pods/Target Support Files/Pods-TopMoviesUITests/Pods-TopMoviesUITests.release.xcconfig"; sourceTree = "<group>"; };
		98F7F2C18A5BFDEA72591107 /* Pods_TopMoviesTests.framework */ = {isa = PBXFileReference; explicitFileType = wrapper.framework; includeInIndex = 0; path = Pods_TopMoviesTests.framework; sourceTree = BUILT_PRODUCTS_DIR; };
		B795A1CCF8AFB27DB770D3C7 /* Pods-TopMovies.debug.xcconfig */ = {isa = PBXFileReference; includeInIndex = 1; lastKnownFileType = text.xcconfig; name = "Pods-TopMovies.debug.xcconfig"; path = "Pods/Target Support Files/Pods-TopMovies/Pods-TopMovies.debug.xcconfig"; sourceTree = "<group>"; };
		E766BBA3E01BB17EBEDE3D1C /* Pods-TopMoviesTests.debug.xcconfig */ = {isa = PBXFileReference; includeInIndex = 1; lastKnownFileType = text.xcconfig; name = "Pods-TopMoviesTests.debug.xcconfig"; path = "Pods/Target Support Files/Pods-TopMoviesTests/Pods-TopMoviesTests.debug.xcconfig"; sourceTree = "<group>"; };
		ED05CE461E84BEBFE1A01153 /* Pods-TopMovies.release.xcconfig */ = {isa = PBXFileReference; includeInIndex = 1; lastKnownFileType = text.xcconfig; name = "Pods-TopMovies.release.xcconfig"; path = "Pods/Target Support Files/Pods-TopMovies/Pods-TopMovies.release.xcconfig"; sourceTree = "<group>"; };
		F003C48591DF422707375CF2 /* Pods_TopMoviesUITests.framework */ = {isa = PBXFileReference; explicitFileType = wrapper.framework; includeInIndex = 0; path = Pods_TopMoviesUITests.framework; sourceTree = BUILT_PRODUCTS_DIR; };
/* End PBXFileReference section */

/* Begin PBXFrameworksBuildPhase section */
		37B77D631F890AAB0054B17E /* Frameworks */ = {
			isa = PBXFrameworksBuildPhase;
			buildActionMask = 2147483647;
			files = (
				C921D7A86CF713BDBEDC19A9 /* Pods_TopMovies.framework in Frameworks */,
			);
			runOnlyForDeploymentPostprocessing = 0;
		};
		37B77D771F890AAB0054B17E /* Frameworks */ = {
			isa = PBXFrameworksBuildPhase;
			buildActionMask = 2147483647;
			files = (
				8F5799FF634A81DF885E29BE /* Pods_TopMoviesTests.framework in Frameworks */,
			);
			runOnlyForDeploymentPostprocessing = 0;
		};
		37B77D821F890AAB0054B17E /* Frameworks */ = {
			isa = PBXFrameworksBuildPhase;
			buildActionMask = 2147483647;
			files = (
				9841239DC86FFC9B8C522858 /* Pods_TopMoviesUITests.framework in Frameworks */,
			);
			runOnlyForDeploymentPostprocessing = 0;
		};
/* End PBXFrameworksBuildPhase section */

/* Begin PBXGroup section */
		37B77D5D1F890AAB0054B17E = {
			isa = PBXGroup;
			children = (
				37B77D681F890AAB0054B17E /* TopMovies */,
				37B77D671F890AAB0054B17E /* Products */,
				42D3ED404042ACC56B958551 /* Pods */,
				5B9DE044146A308DC36CE958 /* Frameworks */,
			);
			sourceTree = "<group>";
		};
		37B77D671F890AAB0054B17E /* Products */ = {
			isa = PBXGroup;
			children = (
				37B77D661F890AAB0054B17E /* TopMovies.app */,
				37B77D7A1F890AAB0054B17E /* TopMoviesTests.xctest */,
				37B77D851F890AAB0054B17E /* TopMoviesUITests.xctest */,
			);
			name = Products;
			sourceTree = "<group>";
		};
		37B77D681F890AAB0054B17E /* TopMovies */ = {
			isa = PBXGroup;
			children = (
				37B77D691F890AAB0054B17E /* AppDelegate.swift */,
				37B77D6B1F890AAB0054B17E /* TopMovieTableViewController.swift */,
				3756392E1F89208900912E90 /* TopMovieDetailViewController.swift */,
				37B77D6D1F890AAB0054B17E /* Main.storyboard */,
				37B77D701F890AAB0054B17E /* Assets.xcassets */,
				37B77D721F890AAB0054B17E /* LaunchScreen.storyboard */,
				37B77D751F890AAB0054B17E /* Info.plist */,
			);
			path = TopMovies;
			sourceTree = "<group>";
		};
		42D3ED404042ACC56B958551 /* Pods */ = {
			isa = PBXGroup;
			children = (
				B795A1CCF8AFB27DB770D3C7 /* Pods-TopMovies.debug.xcconfig */,
				ED05CE461E84BEBFE1A01153 /* Pods-TopMovies.release.xcconfig */,
				E766BBA3E01BB17EBEDE3D1C /* Pods-TopMoviesTests.debug.xcconfig */,
				44985460050A80ECAF559B14 /* Pods-TopMoviesTests.release.xcconfig */,
				6F31BBF96F088DEACDB1D495 /* Pods-TopMoviesUITests.debug.xcconfig */,
				92BBC4AA83902031A49F346E /* Pods-TopMoviesUITests.release.xcconfig */,
			);
			name = Pods;
			sourceTree = "<group>";
		};
		5B9DE044146A308DC36CE958 /* Frameworks */ = {
			isa = PBXGroup;
			children = (
				8C1836D16AD8566E010BBBCC /* Pods_TopMovies.framework */,
				98F7F2C18A5BFDEA72591107 /* Pods_TopMoviesTests.framework */,
				F003C48591DF422707375CF2 /* Pods_TopMoviesUITests.framework */,
			);
			name = Frameworks;
			sourceTree = "<group>";
		};
/* End PBXGroup section */

/* Begin PBXNativeTarget section */
		37B77D651F890AAB0054B17E /* TopMovies */ = {
			isa = PBXNativeTarget;
			buildConfigurationList = 37B77D8E1F890AAB0054B17E /* Build configuration list for PBXNativeTarget "TopMovies" */;
			buildPhases = (
				1B48AEF29E27B1ACEFE7E1C6 /* [CP] Check Pods Manifest.lock */,
				37B77D621F890AAB0054B17E /* Sources */,
				37B77D631F890AAB0054B17E /* Frameworks */,
				37B77D641F890AAB0054B17E /* Resources */,
				700B0987E9314C0913D46EF0 /* [CP] Embed Pods Frameworks */,
				768103B2FF73E09DFA13F6CF /* [CP] Copy Pods Resources */,
			);
			buildRules = (
			);
			dependencies = (
			);
			name = TopMovies;
			productName = TopMovies;
			productReference = 37B77D661F890AAB0054B17E /* TopMovies.app */;
			productType = "com.apple.product-type.application";
		};
		37B77D791F890AAB0054B17E /* TopMoviesTests */ = {
			isa = PBXNativeTarget;
			buildConfigurationList = 37B77D911F890AAB0054B17E /* Build configuration list for PBXNativeTarget "TopMoviesTests" */;
			buildPhases = (
				1F420ECF89B43F9A9D8A5E03 /* [CP] Check Pods Manifest.lock */,
				37B77D761F890AAB0054B17E /* Sources */,
				37B77D771F890AAB0054B17E /* Frameworks */,
				37B77D781F890AAB0054B17E /* Resources */,
				C47A830A7A8746128EE51826 /* [CP] Embed Pods Frameworks */,
				7F5B523A17144C44183EACF9 /* [CP] Copy Pods Resources */,
			);
			buildRules = (
			);
			dependencies = (
				37B77D7C1F890AAB0054B17E /* PBXTargetDependency */,
			);
			name = TopMoviesTests;
			productName = TopMoviesTests;
			productReference = 37B77D7A1F890AAB0054B17E /* TopMoviesTests.xctest */;
			productType = "com.apple.product-type.bundle.unit-test";
		};
		37B77D841F890AAB0054B17E /* TopMoviesUITests */ = {
			isa = PBXNativeTarget;
			buildConfigurationList = 37B77D941F890AAB0054B17E /* Build configuration list for PBXNativeTarget "TopMoviesUITests" */;
			buildPhases = (
				09898AA412800454554DFD0D /* [CP] Check Pods Manifest.lock */,
				37B77D811F890AAB0054B17E /* Sources */,
				37B77D821F890AAB0054B17E /* Frameworks */,
				37B77D831F890AAB0054B17E /* Resources */,
				CD24A284B2EB3627FE631C85 /* [CP] Embed Pods Frameworks */,
				14C75F6D92A3ECF8FB9ED792 /* [CP] Copy Pods Resources */,
			);
			buildRules = (
			);
			dependencies = (
				37B77D871F890AAB0054B17E /* PBXTargetDependency */,
			);
			name = TopMoviesUITests;
			productName = TopMoviesUITests;
			productReference = 37B77D851F890AAB0054B17E /* TopMoviesUITests.xctest */;
			productType = "com.apple.product-type.bundle.ui-testing";
		};
/* End PBXNativeTarget section */

/* Begin PBXProject section */
		37B77D5E1F890AAB0054B17E /* Project object */ = {
			isa = PBXProject;
			attributes = {
				LastSwiftUpdateCheck = 0900;
				LastUpgradeCheck = 0900;
				ORGANIZATIONNAME = "Bing Cai";
				TargetAttributes = {
					37B77D651F890AAB0054B17E = {
						CreatedOnToolsVersion = 9.0;
						ProvisioningStyle = Automatic;
						SystemCapabilities = {
							com.apple.BackgroundModes = {
								enabled = 1;
							};
						};
					};
					37B77D791F890AAB0054B17E = {
						CreatedOnToolsVersion = 9.0;
						ProvisioningStyle = Automatic;
						TestTargetID = 37B77D651F890AAB0054B17E;
					};
					37B77D841F890AAB0054B17E = {
						CreatedOnToolsVersion = 9.0;
						ProvisioningStyle = Automatic;
						TestTargetID = 37B77D651F890AAB0054B17E;
					};
				};
			};
			buildConfigurationList = 37B77D611F890AAB0054B17E /* Build configuration list for PBXProject "TopMovies" */;
			compatibilityVersion = "Xcode 8.0";
			developmentRegion = en;
			hasScannedForEncodings = 0;
			knownRegions = (
				en,
				Base,
			);
			mainGroup = 37B77D5D1F890AAB0054B17E;
			productRefGroup = 37B77D671F890AAB0054B17E /* Products */;
			projectDirPath = "";
			projectRoot = "";
			targets = (
				37B77D651F890AAB0054B17E /* TopMovies */,
				37B77D791F890AAB0054B17E /* TopMoviesTests */,
				37B77D841F890AAB0054B17E /* TopMoviesUITests */,
			);
		};
/* End PBXProject section */

/* Begin PBXResourcesBuildPhase section */
		37B77D641F890AAB0054B17E /* Resources */ = {
			isa = PBXResourcesBuildPhase;
			buildActionMask = 2147483647;
			files = (
				37B77D741F890AAB0054B17E /* LaunchScreen.storyboard in Resources */,
				37B77D711F890AAB0054B17E /* Assets.xcassets in Resources */,
				37B77D6F1F890AAB0054B17E /* Main.storyboard in Resources */,
			);
			runOnlyForDeploymentPostprocessing = 0;
		};
		37B77D781F890AAB0054B17E /* Resources */ = {
			isa = PBXResourcesBuildPhase;
			buildActionMask = 2147483647;
			files = (
			);
			runOnlyForDeploymentPostprocessing = 0;
		};
		37B77D831F890AAB0054B17E /* Resources */ = {
			isa = PBXResourcesBuildPhase;
			buildActionMask = 2147483647;
			files = (
			);
			runOnlyForDeploymentPostprocessing = 0;
		};
/* End PBXResourcesBuildPhase section */

/* Begin PBXShellScriptBuildPhase section */
		09898AA412800454554DFD0D /* [CP] Check Pods Manifest.lock */ = {
			isa = PBXShellScriptBuildPhase;
			buildActionMask = 2147483647;
			files = (
			);
			inputPaths = (
				"${PODS_PODFILE_DIR_PATH}/Podfile.lock",
				"${PODS_ROOT}/Manifest.lock",
			);
			name = "[CP] Check Pods Manifest.lock";
			outputPaths = (
				"$(DERIVED_FILE_DIR)/Pods-TopMoviesUITests-checkManifestLockResult.txt",
			);
			runOnlyForDeploymentPostprocessing = 0;
			shellPath = /bin/sh;
			shellScript = "diff \"${PODS_PODFILE_DIR_PATH}/Podfile.lock\" \"${PODS_ROOT}/Manifest.lock\" > /dev/null\nif [ $? != 0 ] ; then\n    # print error to STDERR\n    echo \"error: The sandbox is not in sync with the Podfile.lock. Run 'pod install' or update your CocoaPods installation.\" >&2\n    exit 1\nfi\n# This output is used by Xcode 'outputs' to avoid re-running this script phase.\necho \"SUCCESS\" > \"${SCRIPT_OUTPUT_FILE_0}\"\n";
			showEnvVarsInLog = 0;
		};
		14C75F6D92A3ECF8FB9ED792 /* [CP] Copy Pods Resources */ = {
			isa = PBXShellScriptBuildPhase;
			buildActionMask = 2147483647;
			files = (
			);
			inputPaths = (
			);
			name = "[CP] Copy Pods Resources";
			outputPaths = (
			);
			runOnlyForDeploymentPostprocessing = 0;
			shellPath = /bin/sh;
			shellScript = "\"${SRCROOT}/Pods/Target Support Files/Pods-TopMoviesUITests/Pods-TopMoviesUITests-resources.sh\"\n";
			showEnvVarsInLog = 0;
		};
		1B48AEF29E27B1ACEFE7E1C6 /* [CP] Check Pods Manifest.lock */ = {
			isa = PBXShellScriptBuildPhase;
			buildActionMask = 2147483647;
			files = (
			);
			inputPaths = (
				"${PODS_PODFILE_DIR_PATH}/Podfile.lock",
				"${PODS_ROOT}/Manifest.lock",
			);
			name = "[CP] Check Pods Manifest.lock";
			outputPaths = (
				"$(DERIVED_FILE_DIR)/Pods-TopMovies-checkManifestLockResult.txt",
			);
			runOnlyForDeploymentPostprocessing = 0;
			shellPath = /bin/sh;
			shellScript = "diff \"${PODS_PODFILE_DIR_PATH}/Podfile.lock\" \"${PODS_ROOT}/Manifest.lock\" > /dev/null\nif [ $? != 0 ] ; then\n    # print error to STDERR\n    echo \"error: The sandbox is not in sync with the Podfile.lock. Run 'pod install' or update your CocoaPods installation.\" >&2\n    exit 1\nfi\n# This output is used by Xcode 'outputs' to avoid re-running this script phase.\necho \"SUCCESS\" > \"${SCRIPT_OUTPUT_FILE_0}\"\n";
			showEnvVarsInLog = 0;
		};
		1F420ECF89B43F9A9D8A5E03 /* [CP] Check Pods Manifest.lock */ = {
			isa = PBXShellScriptBuildPhase;
			buildActionMask = 2147483647;
			files = (
			);
			inputPaths = (
				"${PODS_PODFILE_DIR_PATH}/Podfile.lock",
				"${PODS_ROOT}/Manifest.lock",
			);
			name = "[CP] Check Pods Manifest.lock";
			outputPaths = (
				"$(DERIVED_FILE_DIR)/Pods-TopMoviesTests-checkManifestLockResult.txt",
			);
			runOnlyForDeploymentPostprocessing = 0;
			shellPath = /bin/sh;
			shellScript = "diff \"${PODS_PODFILE_DIR_PATH}/Podfile.lock\" \"${PODS_ROOT}/Manifest.lock\" > /dev/null\nif [ $? != 0 ] ; then\n    # print error to STDERR\n    echo \"error: The sandbox is not in sync with the Podfile.lock. Run 'pod install' or update your CocoaPods installation.\" >&2\n    exit 1\nfi\n# This output is used by Xcode 'outputs' to avoid re-running this script phase.\necho \"SUCCESS\" > \"${SCRIPT_OUTPUT_FILE_0}\"\n";
			showEnvVarsInLog = 0;
		};
		700B0987E9314C0913D46EF0 /* [CP] Embed Pods Frameworks */ = {
			isa = PBXShellScriptBuildPhase;
			buildActionMask = 2147483647;
			files = (
			);
			inputPaths = (
				"${SRCROOT}/Pods/Target Support Files/Pods-TopMovies/Pods-TopMovies-frameworks.sh",
				"${BUILT_PRODUCTS_DIR}/FeedKit/FeedKit.framework",
			);
			name = "[CP] Embed Pods Frameworks";
			outputPaths = (
				"${TARGET_BUILD_DIR}/${FRAMEWORKS_FOLDER_PATH}/FeedKit.framework",
			);
			runOnlyForDeploymentPostprocessing = 0;
			shellPath = /bin/sh;
			shellScript = "\"${SRCROOT}/Pods/Target Support Files/Pods-TopMovies/Pods-TopMovies-frameworks.sh\"\n";
			showEnvVarsInLog = 0;
		};
		768103B2FF73E09DFA13F6CF /* [CP] Copy Pods Resources */ = {
			isa = PBXShellScriptBuildPhase;
			buildActionMask = 2147483647;
			files = (
			);
			inputPaths = (
			);
			name = "[CP] Copy Pods Resources";
			outputPaths = (
			);
			runOnlyForDeploymentPostprocessing = 0;
			shellPath = /bin/sh;
			shellScript = "\"${SRCROOT}/Pods/Target Support Files/Pods-TopMovies/Pods-TopMovies-resources.sh\"\n";
			showEnvVarsInLog = 0;
		};
		7F5B523A17144C44183EACF9 /* [CP] Copy Pods Resources */ = {
			isa = PBXShellScriptBuildPhase;
			buildActionMask = 2147483647;
			files = (
			);
			inputPaths = (
			);
			name = "[CP] Copy Pods Resources";
			outputPaths = (
			);
			runOnlyForDeploymentPostprocessing = 0;
			shellPath = /bin/sh;
			shellScript = "\"${SRCROOT}/Pods/Target Support Files/Pods-TopMoviesTests/Pods-TopMoviesTests-resources.sh\"\n";
			showEnvVarsInLog = 0;
		};
		C47A830A7A8746128EE51826 /* [CP] Embed Pods Frameworks */ = {
			isa = PBXShellScriptBuildPhase;
			buildActionMask = 2147483647;
			files = (
			);
			inputPaths = (
			);
			name = "[CP] Embed Pods Frameworks";
			outputPaths = (
			);
			runOnlyForDeploymentPostprocessing = 0;
			shellPath = /bin/sh;
			shellScript = "\"${SRCROOT}/Pods/Target Support Files/Pods-TopMoviesTests/Pods-TopMoviesTests-frameworks.sh\"\n";
			showEnvVarsInLog = 0;
		};
		CD24A284B2EB3627FE631C85 /* [CP] Embed Pods Frameworks */ = {
			isa = PBXShellScriptBuildPhase;
			buildActionMask = 2147483647;
			files = (
			);
			inputPaths = (
			);
			name = "[CP] Embed Pods Frameworks";
			outputPaths = (
			);
			runOnlyForDeploymentPostprocessing = 0;
			shellPath = /bin/sh;
			shellScript = "\"${SRCROOT}/Pods/Target Support Files/Pods-TopMoviesUITests/Pods-TopMoviesUITests-frameworks.sh\"\n";
			showEnvVarsInLog = 0;
		};
/* End PBXShellScriptBuildPhase section */

/* Begin PBXSourcesBuildPhase section */
		37B77D621F890AAB0054B17E /* Sources */ = {
			isa = PBXSourcesBuildPhase;
			buildActionMask = 2147483647;
			files = (
				3756392F1F89208900912E90 /* TopMovieDetailViewController.swift in Sources */,
				37B77D6C1F890AAB0054B17E /* TopMovieTableViewController.swift in Sources */,
				37B77D6A1F890AAB0054B17E /* AppDelegate.swift in Sources */,
			);
			runOnlyForDeploymentPostprocessing = 0;
		};
		37B77D761F890AAB0054B17E /* Sources */ = {
			isa = PBXSourcesBuildPhase;
			buildActionMask = 2147483647;
			files = (
			);
			runOnlyForDeploymentPostprocessing = 0;
		};
		37B77D811F890AAB0054B17E /* Sources */ = {
			isa = PBXSourcesBuildPhase;
			buildActionMask = 2147483647;
			files = (
			);
			runOnlyForDeploymentPostprocessing = 0;
		};
/* End PBXSourcesBuildPhase section */

/* Begin PBXTargetDependency section */
		37B77D7C1F890AAB0054B17E /* PBXTargetDependency */ = {
			isa = PBXTargetDependency;
			target = 37B77D651F890AAB0054B17E /* TopMovies */;
			targetProxy = 37B77D7B1F890AAB0054B17E /* PBXContainerItemProxy */;
		};
		37B77D871F890AAB0054B17E /* PBXTargetDependency */ = {
			isa = PBXTargetDependency;
			target = 37B77D651F890AAB0054B17E /* TopMovies */;
			targetProxy = 37B77D861F890AAB0054B17E /* PBXContainerItemProxy */;
		};
/* End PBXTargetDependency section */

/* Begin PBXVariantGroup section */
		37B77D6D1F890AAB0054B17E /* Main.storyboard */ = {
			isa = PBXVariantGroup;
			children = (
				37B77D6E1F890AAB0054B17E /* Base */,
			);
			name = Main.storyboard;
			sourceTree = "<group>";
		};
		37B77D721F890AAB0054B17E /* LaunchScreen.storyboard */ = {
			isa = PBXVariantGroup;
			children = (
				37B77D731F890AAB0054B17E /* Base */,
			);
			name = LaunchScreen.storyboard;
			sourceTree = "<group>";
		};
/* End PBXVariantGroup section */

/* Begin XCBuildConfiguration section */
		37B77D8C1F890AAB0054B17E /* Debug */ = {
			isa = XCBuildConfiguration;
			buildSettings = {
				ALWAYS_SEARCH_USER_PATHS = NO;
				CLANG_ANALYZER_NONNULL = YES;
				CLANG_ANALYZER_NUMBER_OBJECT_CONVERSION = YES_AGGRESSIVE;
				CLANG_CXX_LANGUAGE_STANDARD = "gnu++14";
				CLANG_CXX_LIBRARY = "libc++";
				CLANG_ENABLE_MODULES = YES;
				CLANG_ENABLE_OBJC_ARC = YES;
				CLANG_WARN_BLOCK_CAPTURE_AUTORELEASING = YES;
				CLANG_WARN_BOOL_CONVERSION = YES;
				CLANG_WARN_COMMA = YES;
				CLANG_WARN_CONSTANT_CONVERSION = YES;
				CLANG_WARN_DIRECT_OBJC_ISA_USAGE = YES_ERROR;
				CLANG_WARN_DOCUMENTATION_COMMENTS = YES;
				CLANG_WARN_EMPTY_BODY = YES;
				CLANG_WARN_ENUM_CONVERSION = YES;
				CLANG_WARN_INFINITE_RECURSION = YES;
				CLANG_WARN_INT_CONVERSION = YES;
				CLANG_WARN_NON_LITERAL_NULL_CONVERSION = YES;
				CLANG_WARN_OBJC_LITERAL_CONVERSION = YES;
				CLANG_WARN_OBJC_ROOT_CLASS = YES_ERROR;
				CLANG_WARN_RANGE_LOOP_ANALYSIS = YES;
				CLANG_WARN_STRICT_PROTOTYPES = YES;
				CLANG_WARN_SUSPICIOUS_MOVE = YES;
				CLANG_WARN_UNGUARDED_AVAILABILITY = YES_AGGRESSIVE;
				CLANG_WARN_UNREACHABLE_CODE = YES;
				CLANG_WARN__DUPLICATE_METHOD_MATCH = YES;
				CODE_SIGN_IDENTITY = "iPhone Developer";
				COPY_PHASE_STRIP = NO;
				DEBUG_INFORMATION_FORMAT = dwarf;
				ENABLE_STRICT_OBJC_MSGSEND = YES;
				ENABLE_TESTABILITY = YES;
				GCC_C_LANGUAGE_STANDARD = gnu11;
				GCC_DYNAMIC_NO_PIC = NO;
				GCC_NO_COMMON_BLOCKS = YES;
				GCC_OPTIMIZATION_LEVEL = 0;
				GCC_PREPROCESSOR_DEFINITIONS = (
					"DEBUG=1",
					"$(inherited)",
				);
				GCC_WARN_64_TO_32_BIT_CONVERSION = YES;
				GCC_WARN_ABOUT_RETURN_TYPE = YES_ERROR;
				GCC_WARN_UNDECLARED_SELECTOR = YES;
				GCC_WARN_UNINITIALIZED_AUTOS = YES_AGGRESSIVE;
				GCC_WARN_UNUSED_FUNCTION = YES;
				GCC_WARN_UNUSED_VARIABLE = YES;
				IPHONEOS_DEPLOYMENT_TARGET = 11.0;
				MTL_ENABLE_DEBUG_INFO = YES;
				ONLY_ACTIVE_ARCH = YES;
				SDKROOT = iphoneos;
				SWIFT_ACTIVE_COMPILATION_CONDITIONS = DEBUG;
				SWIFT_OPTIMIZATION_LEVEL = "-Onone";
			};
			name = Debug;
		};
		37B77D8D1F890AAB0054B17E /* Release */ = {
			isa = XCBuildConfiguration;
			buildSettings = {
				ALWAYS_SEARCH_USER_PATHS = NO;
				CLANG_ANALYZER_NONNULL = YES;
				CLANG_ANALYZER_NUMBER_OBJECT_CONVERSION = YES_AGGRESSIVE;
				CLANG_CXX_LANGUAGE_STANDARD = "gnu++14";
				CLANG_CXX_LIBRARY = "libc++";
				CLANG_ENABLE_MODULES = YES;
				CLANG_ENABLE_OBJC_ARC = YES;
				CLANG_WARN_BLOCK_CAPTURE_AUTORELEASING = YES;
				CLANG_WARN_BOOL_CONVERSION = YES;
				CLANG_WARN_COMMA = YES;
				CLANG_WARN_CONSTANT_CONVERSION = YES;
				CLANG_WARN_DIRECT_OBJC_ISA_USAGE = YES_ERROR;
				CLANG_WARN_DOCUMENTATION_COMMENTS = YES;
				CLANG_WARN_EMPTY_BODY = YES;
				CLANG_WARN_ENUM_CONVERSION = YES;
				CLANG_WARN_INFINITE_RECURSION = YES;
				CLANG_WARN_INT_CONVERSION = YES;
				CLANG_WARN_NON_LITERAL_NULL_CONVERSION = YES;
				CLANG_WARN_OBJC_LITERAL_CONVERSION = YES;
				CLANG_WARN_OBJC_ROOT_CLASS = YES_ERROR;
				CLANG_WARN_RANGE_LOOP_ANALYSIS = YES;
				CLANG_WARN_STRICT_PROTOTYPES = YES;
				CLANG_WARN_SUSPICIOUS_MOVE = YES;
				CLANG_WARN_UNGUARDED_AVAILABILITY = YES_AGGRESSIVE;
				CLANG_WARN_UNREACHABLE_CODE = YES;
				CLANG_WARN__DUPLICATE_METHOD_MATCH = YES;
				CODE_SIGN_IDENTITY = "iPhone Developer";
				COPY_PHASE_STRIP = NO;
				DEBUG_INFORMATION_FORMAT = "dwarf-with-dsym";
				ENABLE_NS_ASSERTIONS = NO;
				ENABLE_STRICT_OBJC_MSGSEND = YES;
				GCC_C_LANGUAGE_STANDARD = gnu11;
				GCC_NO_COMMON_BLOCKS = YES;
				GCC_WARN_64_TO_32_BIT_CONVERSION = YES;
				GCC_WARN_ABOUT_RETURN_TYPE = YES_ERROR;
				GCC_WARN_UNDECLARED_SELECTOR = YES;
				GCC_WARN_UNINITIALIZED_AUTOS = YES_AGGRESSIVE;
				GCC_WARN_UNUSED_FUNCTION = YES;
				GCC_WARN_UNUSED_VARIABLE = YES;
				IPHONEOS_DEPLOYMENT_TARGET = 11.0;
				MTL_ENABLE_DEBUG_INFO = NO;
				SDKROOT = iphoneos;
				SWIFT_OPTIMIZATION_LEVEL = "-Owholemodule";
				VALIDATE_PRODUCT = YES;
			};
			name = Release;
		};
		37B77D8F1F890AAB0054B17E /* Debug */ = {
			isa = XCBuildConfiguration;
			baseConfigurationReference = B795A1CCF8AFB27DB770D3C7 /* Pods-TopMovies.debug.xcconfig */;
			buildSettings = {
				ASSETCATALOG_COMPILER_APPICON_NAME = AppIcon;
				CODE_SIGN_STYLE = Automatic;
				DEVELOPMENT_TEAM = R336B5F366;
				INFOPLIST_FILE = TopMovies/Info.plist;
				LD_RUNPATH_SEARCH_PATHS = "$(inherited) @executable_path/Frameworks";
				PRODUCT_BUNDLE_IDENTIFIER = me.bing.TopMovies;
				PRODUCT_NAME = "$(TARGET_NAME)";
				SDKROOT = iphoneos;
				SWIFT_VERSION = 4.0;
				TARGETED_DEVICE_FAMILY = "1,2";
			};
			name = Debug;
		};
		37B77D901F890AAB0054B17E /* Release */ = {
			isa = XCBuildConfiguration;
			baseConfigurationReference = ED05CE461E84BEBFE1A01153 /* Pods-TopMovies.release.xcconfig */;
			buildSettings = {
				ASSETCATALOG_COMPILER_APPICON_NAME = AppIcon;
				CODE_SIGN_STYLE = Automatic;
				DEVELOPMENT_TEAM = R336B5F366;
				INFOPLIST_FILE = TopMovies/Info.plist;
				LD_RUNPATH_SEARCH_PATHS = "$(inherited) @executable_path/Frameworks";
				PRODUCT_BUNDLE_IDENTIFIER = me.bing.TopMovies;
				PRODUCT_NAME = "$(TARGET_NAME)";
				SDKROOT = iphoneos;
				SWIFT_VERSION = 4.0;
				TARGETED_DEVICE_FAMILY = "1,2";
			};
			name = Release;
		};
		37B77D921F890AAB0054B17E /* Debug */ = {
			isa = XCBuildConfiguration;
			baseConfigurationReference = E766BBA3E01BB17EBEDE3D1C /* Pods-TopMoviesTests.debug.xcconfig */;
			buildSettings = {
				ALWAYS_EMBED_SWIFT_STANDARD_LIBRARIES = YES;
				BUNDLE_LOADER = "$(TEST_HOST)";
				CODE_SIGN_STYLE = Automatic;
				INFOPLIST_FILE = TopMoviesTests/Info.plist;
				LD_RUNPATH_SEARCH_PATHS = "$(inherited) @executable_path/Frameworks @loader_path/Frameworks";
				PRODUCT_BUNDLE_IDENTIFIER = me.bing.TopMoviesTests;
				PRODUCT_NAME = "$(TARGET_NAME)";
				SWIFT_VERSION = 4.0;
				TARGETED_DEVICE_FAMILY = "1,2";
				TEST_HOST = "$(BUILT_PRODUCTS_DIR)/TopMovies.app/TopMovies";
			};
			name = Debug;
		};
		37B77D931F890AAB0054B17E /* Release */ = {
			isa = XCBuildConfiguration;
			baseConfigurationReference = 44985460050A80ECAF559B14 /* Pods-TopMoviesTests.release.xcconfig */;
			buildSettings = {
				ALWAYS_EMBED_SWIFT_STANDARD_LIBRARIES = YES;
				BUNDLE_LOADER = "$(TEST_HOST)";
				CODE_SIGN_STYLE = Automatic;
				INFOPLIST_FILE = TopMoviesTests/Info.plist;
				LD_RUNPATH_SEARCH_PATHS = "$(inherited) @executable_path/Frameworks @loader_path/Frameworks";
				PRODUCT_BUNDLE_IDENTIFIER = me.bing.TopMoviesTests;
				PRODUCT_NAME = "$(TARGET_NAME)";
				SWIFT_VERSION = 4.0;
				TARGETED_DEVICE_FAMILY = "1,2";
				TEST_HOST = "$(BUILT_PRODUCTS_DIR)/TopMovies.app/TopMovies";
			};
			name = Release;
		};
		37B77D951F890AAB0054B17E /* Debug */ = {
			isa = XCBuildConfiguration;
			baseConfigurationReference = 6F31BBF96F088DEACDB1D495 /* Pods-TopMoviesUITests.debug.xcconfig */;
			buildSettings = {
				ALWAYS_EMBED_SWIFT_STANDARD_LIBRARIES = YES;
				CODE_SIGN_STYLE = Automatic;
				INFOPLIST_FILE = TopMoviesUITests/Info.plist;
				LD_RUNPATH_SEARCH_PATHS = "$(inherited) @executable_path/Frameworks @loader_path/Frameworks";
				PRODUCT_BUNDLE_IDENTIFIER = me.bing.TopMoviesUITests;
				PRODUCT_NAME = "$(TARGET_NAME)";
				SWIFT_VERSION = 4.0;
				TARGETED_DEVICE_FAMILY = "1,2";
				TEST_TARGET_NAME = TopMovies;
			};
			name = Debug;
		};
		37B77D961F890AAB0054B17E /* Release */ = {
			isa = XCBuildConfiguration;
			baseConfigurationReference = 92BBC4AA83902031A49F346E /* Pods-TopMoviesUITests.release.xcconfig */;
			buildSettings = {
				ALWAYS_EMBED_SWIFT_STANDARD_LIBRARIES = YES;
				CODE_SIGN_STYLE = Automatic;
				INFOPLIST_FILE = TopMoviesUITests/Info.plist;
				LD_RUNPATH_SEARCH_PATHS = "$(inherited) @executable_path/Frameworks @loader_path/Frameworks";
				PRODUCT_BUNDLE_IDENTIFIER = me.bing.TopMoviesUITests;
				PRODUCT_NAME = "$(TARGET_NAME)";
				SWIFT_VERSION = 4.0;
				TARGETED_DEVICE_FAMILY = "1,2";
				TEST_TARGET_NAME = TopMovies;
			};
			name = Release;
		};
/* End XCBuildConfiguration section */

/* Begin XCConfigurationList section */
		37B77D611F890AAB0054B17E /* Build configuration list for PBXProject "TopMovies" */ = {
			isa = XCConfigurationList;
			buildConfigurations = (
				37B77D8C1F890AAB0054B17E /* Debug */,
				37B77D8D1F890AAB0054B17E /* Release */,
			);
			defaultConfigurationIsVisible = 0;
			defaultConfigurationName = Release;
		};
		37B77D8E1F890AAB0054B17E /* Build configuration list for PBXNativeTarget "TopMovies" */ = {
			isa = XCConfigurationList;
			buildConfigurations = (
				37B77D8F1F890AAB0054B17E /* Debug */,
				37B77D901F890AAB0054B17E /* Release */,
			);
			defaultConfigurationIsVisible = 0;
			defaultConfigurationName = Release;
		};
		37B77D911F890AAB0054B17E /* Build configuration list for PBXNativeTarget "TopMoviesTests" */ = {
			isa = XCConfigurationList;
			buildConfigurations = (
				37B77D921F890AAB0054B17E /* Debug */,
				37B77D931F890AAB0054B17E /* Release */,
			);
			defaultConfigurationIsVisible = 0;
			defaultConfigurationName = Release;
		};
		37B77D941F890AAB0054B17E /* Build configuration list for PBXNativeTarget "TopMoviesUITests" */ = {
			isa = XCConfigurationList;
			buildConfigurations = (
				37B77D951F890AAB0054B17E /* Debug */,
				37B77D961F890AAB0054B17E /* Release */,
			);
			defaultConfigurationIsVisible = 0;
			defaultConfigurationName = Release;
		};
/* End XCConfigurationList section */
	};
	rootObject = 37B77D5E1F890AAB0054B17E /* Project object */;
}
